// !$*UTF8*$!
{
	archiveVersion = 1;
	classes = {
	};
	objectVersion = 50;
	objects = {

/* Begin PBXBuildFile section */
		320E43BF226CBCB20089AC54 /* AppDelegate.swift in Sources */ = {isa = PBXBuildFile; fileRef = 320E43BE226CBCB20089AC54 /* AppDelegate.swift */; };
		320E43C1226CBCB20089AC54 /* TrackListViewController.swift in Sources */ = {isa = PBXBuildFile; fileRef = 320E43C0226CBCB20089AC54 /* TrackListViewController.swift */; };
		320E43C4226CBCB20089AC54 /* Main.storyboard in Resources */ = {isa = PBXBuildFile; fileRef = 320E43C2226CBCB20089AC54 /* Main.storyboard */; };
		320E43C6226CBCB40089AC54 /* Assets.xcassets in Resources */ = {isa = PBXBuildFile; fileRef = 320E43C5226CBCB40089AC54 /* Assets.xcassets */; };
		320E43C9226CBCB40089AC54 /* LaunchScreen.storyboard in Resources */ = {isa = PBXBuildFile; fileRef = 320E43C7226CBCB40089AC54 /* LaunchScreen.storyboard */; };
		320E43D4226CBCB40089AC54 /* iTunesDemoTests.swift in Sources */ = {isa = PBXBuildFile; fileRef = 320E43D3226CBCB40089AC54 /* iTunesDemoTests.swift */; };
		320E43DF226CBCB40089AC54 /* iTunesDemoUITests.swift in Sources */ = {isa = PBXBuildFile; fileRef = 320E43DE226CBCB40089AC54 /* iTunesDemoUITests.swift */; };
		320E43F1226CC9A60089AC54 /* AuthenticationViewController.swift in Sources */ = {isa = PBXBuildFile; fileRef = 320E43F0226CC9A60089AC54 /* AuthenticationViewController.swift */; };
		320E43F3226CD05A0089AC54 /* TrackList.storyboard in Resources */ = {isa = PBXBuildFile; fileRef = 320E43F2226CD05A0089AC54 /* TrackList.storyboard */; };
		320E43F5226CD98B0089AC54 /* AuthenticationController.swift in Sources */ = {isa = PBXBuildFile; fileRef = 320E43F4226CD98B0089AC54 /* AuthenticationController.swift */; };
		8082328B7510F74684FE8512 /* Pods_iTunesDemoUITests.framework in Frameworks */ = {isa = PBXBuildFile; fileRef = 26B728CD4300F862C5B93008 /* Pods_iTunesDemoUITests.framework */; };
		81E176138150AD88333E39FE /* Pods_iTunesDemo.framework in Frameworks */ = {isa = PBXBuildFile; fileRef = B36E7EA0F2E9F44DB4B4188D /* Pods_iTunesDemo.framework */; };
		937D362C227E2E5A00C63151 /* TrackListAdapter.swift in Sources */ = {isa = PBXBuildFile; fileRef = 937D362B227E2E5A00C63151 /* TrackListAdapter.swift */; };
		937D362E227E2F0300C63151 /* BaseAdapter.swift in Sources */ = {isa = PBXBuildFile; fileRef = 937D362D227E2F0300C63151 /* BaseAdapter.swift */; };
		937D3630227E516800C63151 /* UIImageView+extensions.swift in Sources */ = {isa = PBXBuildFile; fileRef = 937D362F227E516800C63151 /* UIImageView+extensions.swift */; };
		937D3632227E5B6700C63151 /* Collection+extensions.swift in Sources */ = {isa = PBXBuildFile; fileRef = 937D3631227E5B6700C63151 /* Collection+extensions.swift */; };
		937D363422808D6200C63151 /* AuthenticationFactory.swift in Sources */ = {isa = PBXBuildFile; fileRef = 937D363322808D6200C63151 /* AuthenticationFactory.swift */; };
		937D363622808D8E00C63151 /* AuthenticationBoundaries.swift in Sources */ = {isa = PBXBuildFile; fileRef = 937D363522808D8E00C63151 /* AuthenticationBoundaries.swift */; };
		937D36392280919000C63151 /* CreateAccountViewController.swift in Sources */ = {isa = PBXBuildFile; fileRef = 937D36382280919000C63151 /* CreateAccountViewController.swift */; };
		937D363B2280919D00C63151 /* CreateAccountController.swift in Sources */ = {isa = PBXBuildFile; fileRef = 937D363A2280919D00C63151 /* CreateAccountController.swift */; };
		937D363D228091AB00C63151 /* CreateAccountBoundaries.swift in Sources */ = {isa = PBXBuildFile; fileRef = 937D363C228091AB00C63151 /* CreateAccountBoundaries.swift */; };
		937D363F2280924E00C63151 /* CreateAccountFactory.swift in Sources */ = {isa = PBXBuildFile; fileRef = 937D363E2280924E00C63151 /* CreateAccountFactory.swift */; };
		937D36412280933C00C63151 /* CreateAccount.storyboard in Resources */ = {isa = PBXBuildFile; fileRef = 937D36402280933C00C63151 /* CreateAccount.storyboard */; };
		937D36432281E4D400C63151 /* GoogleService-Info.plist in Resources */ = {isa = PBXBuildFile; fileRef = 937D36422281E4D400C63151 /* GoogleService-Info.plist */; };
		937D36462281E53100C63151 /* TrackDetailViewController.swift in Sources */ = {isa = PBXBuildFile; fileRef = 937D36452281E53100C63151 /* TrackDetailViewController.swift */; };
		937D364B2281EBAF00C63151 /* FirebaseManager.swift in Sources */ = {isa = PBXBuildFile; fileRef = 937D364A2281EBAF00C63151 /* FirebaseManager.swift */; };
		937D36512283685700C63151 /* FavouriteTrackItem.swift in Sources */ = {isa = PBXBuildFile; fileRef = 937D36502283685700C63151 /* FavouriteTrackItem.swift */; };
		938BB502227DD46700DEB4F5 /* Result.swift in Sources */ = {isa = PBXBuildFile; fileRef = 938BB501227DD46700DEB4F5 /* Result.swift */; };
		938BB504227DD46F00DEB4F5 /* Error.swift in Sources */ = {isa = PBXBuildFile; fileRef = 938BB503227DD46F00DEB4F5 /* Error.swift */; };
		938BB506227DD52600DEB4F5 /* Resource.swift in Sources */ = {isa = PBXBuildFile; fileRef = 938BB505227DD52600DEB4F5 /* Resource.swift */; };
		938BB509227DE47000DEB4F5 /* Tracklist.swift in Sources */ = {isa = PBXBuildFile; fileRef = 938BB508227DE47000DEB4F5 /* Tracklist.swift */; };
		938BB50C227DFF2400DEB4F5 /* TrackListCell.swift in Sources */ = {isa = PBXBuildFile; fileRef = 938BB50B227DFF2400DEB4F5 /* TrackListCell.swift */; };
		938BB50F227E0B2B00DEB4F5 /* String+extensions.swift in Sources */ = {isa = PBXBuildFile; fileRef = 938BB50E227E0B2B00DEB4F5 /* String+extensions.swift */; };
		93D41E20227DCB01002022F0 /* TrackListFactory.swift in Sources */ = {isa = PBXBuildFile; fileRef = 93D41E1F227DCB01002022F0 /* TrackListFactory.swift */; };
		93D41E22227DCB1E002022F0 /* TrackListController.swift in Sources */ = {isa = PBXBuildFile; fileRef = 93D41E21227DCB1E002022F0 /* TrackListController.swift */; };
		93D41E24227DCB77002022F0 /* TrackListBoundaries.swift in Sources */ = {isa = PBXBuildFile; fileRef = 93D41E23227DCB77002022F0 /* TrackListBoundaries.swift */; };
		93D41E27227DCDC6002022F0 /* Network.swift in Sources */ = {isa = PBXBuildFile; fileRef = 93D41E26227DCDC6002022F0 /* Network.swift */; };
		A3E4B19585135C304EE6C637 /* Pods_iTunesDemoTests.framework in Frameworks */ = {isa = PBXBuildFile; fileRef = CC969BA2FC1FF8A2A77CEF2A /* Pods_iTunesDemoTests.framework */; };
/* End PBXBuildFile section */

/* Begin PBXContainerItemProxy section */
		320E43D0226CBCB40089AC54 /* PBXContainerItemProxy */ = {
			isa = PBXContainerItemProxy;
			containerPortal = 320E43B3226CBCB10089AC54 /* Project object */;
			proxyType = 1;
			remoteGlobalIDString = 320E43BA226CBCB20089AC54;
			remoteInfo = iTunesDemo;
		};
		320E43DB226CBCB40089AC54 /* PBXContainerItemProxy */ = {
			isa = PBXContainerItemProxy;
			containerPortal = 320E43B3226CBCB10089AC54 /* Project object */;
			proxyType = 1;
			remoteGlobalIDString = 320E43BA226CBCB20089AC54;
			remoteInfo = iTunesDemo;
		};
/* End PBXContainerItemProxy section */

/* Begin PBXFileReference section */
		138C8D1E8E0B8CBAE686F4A1 /* Pods-iTunesDemoTests.debug.xcconfig */ = {isa = PBXFileReference; includeInIndex = 1; lastKnownFileType = text.xcconfig; name = "Pods-iTunesDemoTests.debug.xcconfig"; path = "Target Support Files/Pods-iTunesDemoTests/Pods-iTunesDemoTests.debug.xcconfig"; sourceTree = "<group>"; };
		14F50EF2A673BE25A8985951 /* Pods-iTunesDemo.release.xcconfig */ = {isa = PBXFileReference; includeInIndex = 1; lastKnownFileType = text.xcconfig; name = "Pods-iTunesDemo.release.xcconfig"; path = "Target Support Files/Pods-iTunesDemo/Pods-iTunesDemo.release.xcconfig"; sourceTree = "<group>"; };
		26B728CD4300F862C5B93008 /* Pods_iTunesDemoUITests.framework */ = {isa = PBXFileReference; explicitFileType = wrapper.framework; includeInIndex = 0; path = Pods_iTunesDemoUITests.framework; sourceTree = BUILT_PRODUCTS_DIR; };
		320E43BB226CBCB20089AC54 /* iTunesDemo.app */ = {isa = PBXFileReference; explicitFileType = wrapper.application; includeInIndex = 0; path = iTunesDemo.app; sourceTree = BUILT_PRODUCTS_DIR; };
		320E43BE226CBCB20089AC54 /* AppDelegate.swift */ = {isa = PBXFileReference; lastKnownFileType = sourcecode.swift; path = AppDelegate.swift; sourceTree = "<group>"; };
		320E43C0226CBCB20089AC54 /* TrackListViewController.swift */ = {isa = PBXFileReference; lastKnownFileType = sourcecode.swift; path = TrackListViewController.swift; sourceTree = "<group>"; };
		320E43C3226CBCB20089AC54 /* Base */ = {isa = PBXFileReference; lastKnownFileType = file.storyboard; name = Base; path = Base.lproj/Main.storyboard; sourceTree = "<group>"; };
		320E43C5226CBCB40089AC54 /* Assets.xcassets */ = {isa = PBXFileReference; lastKnownFileType = folder.assetcatalog; path = Assets.xcassets; sourceTree = "<group>"; };
		320E43C8226CBCB40089AC54 /* Base */ = {isa = PBXFileReference; lastKnownFileType = file.storyboard; name = Base; path = Base.lproj/LaunchScreen.storyboard; sourceTree = "<group>"; };
		320E43CA226CBCB40089AC54 /* Info.plist */ = {isa = PBXFileReference; lastKnownFileType = text.plist.xml; path = Info.plist; sourceTree = "<group>"; };
		320E43CF226CBCB40089AC54 /* iTunesDemoTests.xctest */ = {isa = PBXFileReference; explicitFileType = wrapper.cfbundle; includeInIndex = 0; path = iTunesDemoTests.xctest; sourceTree = BUILT_PRODUCTS_DIR; };
		320E43D3226CBCB40089AC54 /* iTunesDemoTests.swift */ = {isa = PBXFileReference; lastKnownFileType = sourcecode.swift; path = iTunesDemoTests.swift; sourceTree = "<group>"; };
		320E43D5226CBCB40089AC54 /* Info.plist */ = {isa = PBXFileReference; lastKnownFileType = text.plist.xml; path = Info.plist; sourceTree = "<group>"; };
		320E43DA226CBCB40089AC54 /* iTunesDemoUITests.xctest */ = {isa = PBXFileReference; explicitFileType = wrapper.cfbundle; includeInIndex = 0; path = iTunesDemoUITests.xctest; sourceTree = BUILT_PRODUCTS_DIR; };
		320E43DE226CBCB40089AC54 /* iTunesDemoUITests.swift */ = {isa = PBXFileReference; lastKnownFileType = sourcecode.swift; path = iTunesDemoUITests.swift; sourceTree = "<group>"; };
		320E43E0226CBCB40089AC54 /* Info.plist */ = {isa = PBXFileReference; lastKnownFileType = text.plist.xml; path = Info.plist; sourceTree = "<group>"; };
		320E43F0226CC9A60089AC54 /* AuthenticationViewController.swift */ = {isa = PBXFileReference; lastKnownFileType = sourcecode.swift; path = AuthenticationViewController.swift; sourceTree = "<group>"; };
		320E43F2226CD05A0089AC54 /* TrackList.storyboard */ = {isa = PBXFileReference; lastKnownFileType = file.storyboard; path = TrackList.storyboard; sourceTree = "<group>"; };
		320E43F4226CD98B0089AC54 /* AuthenticationController.swift */ = {isa = PBXFileReference; lastKnownFileType = sourcecode.swift; path = AuthenticationController.swift; sourceTree = "<group>"; };
		45F66EAED062D1331DFA36F4 /* Pods-iTunesDemoUITests.release.xcconfig */ = {isa = PBXFileReference; includeInIndex = 1; lastKnownFileType = text.xcconfig; name = "Pods-iTunesDemoUITests.release.xcconfig"; path = "Target Support Files/Pods-iTunesDemoUITests/Pods-iTunesDemoUITests.release.xcconfig"; sourceTree = "<group>"; };
		93646BFE02AC5C0AFB289D13 /* Pods-iTunesDemoTests.release.xcconfig */ = {isa = PBXFileReference; includeInIndex = 1; lastKnownFileType = text.xcconfig; name = "Pods-iTunesDemoTests.release.xcconfig"; path = "Target Support Files/Pods-iTunesDemoTests/Pods-iTunesDemoTests.release.xcconfig"; sourceTree = "<group>"; };
		937D362B227E2E5A00C63151 /* TrackListAdapter.swift */ = {isa = PBXFileReference; lastKnownFileType = sourcecode.swift; path = TrackListAdapter.swift; sourceTree = "<group>"; };
		937D362D227E2F0300C63151 /* BaseAdapter.swift */ = {isa = PBXFileReference; lastKnownFileType = sourcecode.swift; path = BaseAdapter.swift; sourceTree = "<group>"; };
		937D362F227E516800C63151 /* UIImageView+extensions.swift */ = {isa = PBXFileReference; lastKnownFileType = sourcecode.swift; path = "UIImageView+extensions.swift"; sourceTree = "<group>"; };
		937D3631227E5B6700C63151 /* Collection+extensions.swift */ = {isa = PBXFileReference; lastKnownFileType = sourcecode.swift; path = "Collection+extensions.swift"; sourceTree = "<group>"; };
		937D363322808D6200C63151 /* AuthenticationFactory.swift */ = {isa = PBXFileReference; lastKnownFileType = sourcecode.swift; path = AuthenticationFactory.swift; sourceTree = "<group>"; };
		937D363522808D8E00C63151 /* AuthenticationBoundaries.swift */ = {isa = PBXFileReference; lastKnownFileType = sourcecode.swift; path = AuthenticationBoundaries.swift; sourceTree = "<group>"; };
		937D36382280919000C63151 /* CreateAccountViewController.swift */ = {isa = PBXFileReference; lastKnownFileType = sourcecode.swift; path = CreateAccountViewController.swift; sourceTree = "<group>"; };
		937D363A2280919D00C63151 /* CreateAccountController.swift */ = {isa = PBXFileReference; lastKnownFileType = sourcecode.swift; path = CreateAccountController.swift; sourceTree = "<group>"; };
		937D363C228091AB00C63151 /* CreateAccountBoundaries.swift */ = {isa = PBXFileReference; lastKnownFileType = sourcecode.swift; path = CreateAccountBoundaries.swift; sourceTree = "<group>"; };
		937D363E2280924E00C63151 /* CreateAccountFactory.swift */ = {isa = PBXFileReference; lastKnownFileType = sourcecode.swift; path = CreateAccountFactory.swift; sourceTree = "<group>"; };
		937D36402280933C00C63151 /* CreateAccount.storyboard */ = {isa = PBXFileReference; lastKnownFileType = file.storyboard; path = CreateAccount.storyboard; sourceTree = "<group>"; };
		937D36422281E4D400C63151 /* GoogleService-Info.plist */ = {isa = PBXFileReference; fileEncoding = 4; lastKnownFileType = text.plist.xml; path = "GoogleService-Info.plist"; sourceTree = "<group>"; };
		937D36452281E53100C63151 /* TrackDetailViewController.swift */ = {isa = PBXFileReference; lastKnownFileType = sourcecode.swift; path = TrackDetailViewController.swift; sourceTree = "<group>"; };
		937D36482281EA8F00C63151 /* iTunesDemo.entitlements */ = {isa = PBXFileReference; lastKnownFileType = text.plist.entitlements; path = iTunesDemo.entitlements; sourceTree = "<group>"; };
		937D364A2281EBAF00C63151 /* FirebaseManager.swift */ = {isa = PBXFileReference; lastKnownFileType = sourcecode.swift; path = FirebaseManager.swift; sourceTree = "<group>"; };
		937D36502283685700C63151 /* FavouriteTrackItem.swift */ = {isa = PBXFileReference; lastKnownFileType = sourcecode.swift; path = FavouriteTrackItem.swift; sourceTree = "<group>"; };
		938BB501227DD46700DEB4F5 /* Result.swift */ = {isa = PBXFileReference; lastKnownFileType = sourcecode.swift; path = Result.swift; sourceTree = "<group>"; };
		938BB503227DD46F00DEB4F5 /* Error.swift */ = {isa = PBXFileReference; lastKnownFileType = sourcecode.swift; path = Error.swift; sourceTree = "<group>"; };
		938BB505227DD52600DEB4F5 /* Resource.swift */ = {isa = PBXFileReference; lastKnownFileType = sourcecode.swift; path = Resource.swift; sourceTree = "<group>"; };
		938BB508227DE47000DEB4F5 /* Tracklist.swift */ = {isa = PBXFileReference; lastKnownFileType = sourcecode.swift; path = Tracklist.swift; sourceTree = "<group>"; };
		938BB50B227DFF2400DEB4F5 /* TrackListCell.swift */ = {isa = PBXFileReference; lastKnownFileType = sourcecode.swift; path = TrackListCell.swift; sourceTree = "<group>"; };
		938BB50E227E0B2B00DEB4F5 /* String+extensions.swift */ = {isa = PBXFileReference; lastKnownFileType = sourcecode.swift; path = "String+extensions.swift"; sourceTree = "<group>"; };
		93D41E1F227DCB01002022F0 /* TrackListFactory.swift */ = {isa = PBXFileReference; lastKnownFileType = sourcecode.swift; path = TrackListFactory.swift; sourceTree = "<group>"; };
		93D41E21227DCB1E002022F0 /* TrackListController.swift */ = {isa = PBXFileReference; lastKnownFileType = sourcecode.swift; path = TrackListController.swift; sourceTree = "<group>"; };
		93D41E23227DCB77002022F0 /* TrackListBoundaries.swift */ = {isa = PBXFileReference; lastKnownFileType = sourcecode.swift; path = TrackListBoundaries.swift; sourceTree = "<group>"; };
		93D41E26227DCDC6002022F0 /* Network.swift */ = {isa = PBXFileReference; lastKnownFileType = sourcecode.swift; path = Network.swift; sourceTree = "<group>"; };
		9EEBB2071C06FC17D2B05EF7 /* Pods-iTunesDemoUITests.debug.xcconfig */ = {isa = PBXFileReference; includeInIndex = 1; lastKnownFileType = text.xcconfig; name = "Pods-iTunesDemoUITests.debug.xcconfig"; path = "Target Support Files/Pods-iTunesDemoUITests/Pods-iTunesDemoUITests.debug.xcconfig"; sourceTree = "<group>"; };
		B36E7EA0F2E9F44DB4B4188D /* Pods_iTunesDemo.framework */ = {isa = PBXFileReference; explicitFileType = wrapper.framework; includeInIndex = 0; path = Pods_iTunesDemo.framework; sourceTree = BUILT_PRODUCTS_DIR; };
		CC969BA2FC1FF8A2A77CEF2A /* Pods_iTunesDemoTests.framework */ = {isa = PBXFileReference; explicitFileType = wrapper.framework; includeInIndex = 0; path = Pods_iTunesDemoTests.framework; sourceTree = BUILT_PRODUCTS_DIR; };
		D2F50E7937DBE8EE4BC1F398 /* Pods-iTunesDemo.debug.xcconfig */ = {isa = PBXFileReference; includeInIndex = 1; lastKnownFileType = text.xcconfig; name = "Pods-iTunesDemo.debug.xcconfig"; path = "Target Support Files/Pods-iTunesDemo/Pods-iTunesDemo.debug.xcconfig"; sourceTree = "<group>"; };
/* End PBXFileReference section */

/* Begin PBXFrameworksBuildPhase section */
		320E43B8226CBCB20089AC54 /* Frameworks */ = {
			isa = PBXFrameworksBuildPhase;
			buildActionMask = 2147483647;
			files = (
				81E176138150AD88333E39FE /* Pods_iTunesDemo.framework in Frameworks */,
			);
			runOnlyForDeploymentPostprocessing = 0;
		};
		320E43CC226CBCB40089AC54 /* Frameworks */ = {
			isa = PBXFrameworksBuildPhase;
			buildActionMask = 2147483647;
			files = (
				A3E4B19585135C304EE6C637 /* Pods_iTunesDemoTests.framework in Frameworks */,
			);
			runOnlyForDeploymentPostprocessing = 0;
		};
		320E43D7226CBCB40089AC54 /* Frameworks */ = {
			isa = PBXFrameworksBuildPhase;
			buildActionMask = 2147483647;
			files = (
				8082328B7510F74684FE8512 /* Pods_iTunesDemoUITests.framework in Frameworks */,
			);
			runOnlyForDeploymentPostprocessing = 0;
		};
/* End PBXFrameworksBuildPhase section */

/* Begin PBXGroup section */
		17B89581B11FF7E3FC80E16F /* Pods */ = {
			isa = PBXGroup;
			children = (
				D2F50E7937DBE8EE4BC1F398 /* Pods-iTunesDemo.debug.xcconfig */,
				14F50EF2A673BE25A8985951 /* Pods-iTunesDemo.release.xcconfig */,
				138C8D1E8E0B8CBAE686F4A1 /* Pods-iTunesDemoTests.debug.xcconfig */,
				93646BFE02AC5C0AFB289D13 /* Pods-iTunesDemoTests.release.xcconfig */,
				9EEBB2071C06FC17D2B05EF7 /* Pods-iTunesDemoUITests.debug.xcconfig */,
				45F66EAED062D1331DFA36F4 /* Pods-iTunesDemoUITests.release.xcconfig */,
			);
			path = Pods;
			sourceTree = "<group>";
		};
		320E43B2226CBCB10089AC54 = {
			isa = PBXGroup;
			children = (
				320E43BD226CBCB20089AC54 /* iTunesDemo */,
				320E43D2226CBCB40089AC54 /* iTunesDemoTests */,
				320E43DD226CBCB40089AC54 /* iTunesDemoUITests */,
				320E43BC226CBCB20089AC54 /* Products */,
				17B89581B11FF7E3FC80E16F /* Pods */,
				CEAAF079F59F4DE60CBCB34E /* Frameworks */,
			);
			sourceTree = "<group>";
		};
		320E43BC226CBCB20089AC54 /* Products */ = {
			isa = PBXGroup;
			children = (
				320E43BB226CBCB20089AC54 /* iTunesDemo.app */,
				320E43CF226CBCB40089AC54 /* iTunesDemoTests.xctest */,
				320E43DA226CBCB40089AC54 /* iTunesDemoUITests.xctest */,
			);
			name = Products;
			sourceTree = "<group>";
		};
		320E43BD226CBCB20089AC54 /* iTunesDemo */ = {
			isa = PBXGroup;
			children = (
				937D36482281EA8F00C63151 /* iTunesDemo.entitlements */,
				320E43BE226CBCB20089AC54 /* AppDelegate.swift */,
				320E43C2226CBCB20089AC54 /* Main.storyboard */,
				320E43CA226CBCB40089AC54 /* Info.plist */,
				320E43EF226CC9730089AC54 /* ItunesDemo */,
				320E43ED226CC7130089AC54 /* Resources */,
				93D41E25227DCDB2002022F0 /* Components */,
			);
			path = iTunesDemo;
			sourceTree = "<group>";
		};
		320E43D2226CBCB40089AC54 /* iTunesDemoTests */ = {
			isa = PBXGroup;
			children = (
				320E43D3226CBCB40089AC54 /* iTunesDemoTests.swift */,
				320E43D5226CBCB40089AC54 /* Info.plist */,
			);
			path = iTunesDemoTests;
			sourceTree = "<group>";
		};
		320E43DD226CBCB40089AC54 /* iTunesDemoUITests */ = {
			isa = PBXGroup;
			children = (
				320E43DE226CBCB40089AC54 /* iTunesDemoUITests.swift */,
				320E43E0226CBCB40089AC54 /* Info.plist */,
			);
			path = iTunesDemoUITests;
			sourceTree = "<group>";
		};
		320E43EC226CC6F50089AC54 /* TrackList */ = {
			isa = PBXGroup;
			children = (
				937D36442281E51300C63151 /* TrackDetail */,
				938BB50A227DFF1500DEB4F5 /* UI Components */,
				93D41E1F227DCB01002022F0 /* TrackListFactory.swift */,
				93D41E21227DCB1E002022F0 /* TrackListController.swift */,
				320E43C0226CBCB20089AC54 /* TrackListViewController.swift */,
				93D41E23227DCB77002022F0 /* TrackListBoundaries.swift */,
				320E43F2226CD05A0089AC54 /* TrackList.storyboard */,
			);
			path = TrackList;
			sourceTree = "<group>";
		};
		320E43ED226CC7130089AC54 /* Resources */ = {
			isa = PBXGroup;
			children = (
				937D36422281E4D400C63151 /* GoogleService-Info.plist */,
				320E43C5226CBCB40089AC54 /* Assets.xcassets */,
				320E43C7226CBCB40089AC54 /* LaunchScreen.storyboard */,
			);
			path = Resources;
			sourceTree = "<group>";
		};
		320E43EE226CC9530089AC54 /* Authentication */ = {
			isa = PBXGroup;
			children = (
				320E43F0226CC9A60089AC54 /* AuthenticationViewController.swift */,
				320E43F4226CD98B0089AC54 /* AuthenticationController.swift */,
				937D363322808D6200C63151 /* AuthenticationFactory.swift */,
				937D363522808D8E00C63151 /* AuthenticationBoundaries.swift */,
			);
			path = Authentication;
			sourceTree = "<group>";
		};
		320E43EF226CC9730089AC54 /* ItunesDemo */ = {
			isa = PBXGroup;
			children = (
				937D36372280917200C63151 /* Signup */,
				320E43EE226CC9530089AC54 /* Authentication */,
				320E43EC226CC6F50089AC54 /* TrackList */,
			);
			path = ItunesDemo;
			sourceTree = "<group>";
		};
		937D362A227E2E3600C63151 /* Network */ = {
			isa = PBXGroup;
			children = (
				93D41E26227DCDC6002022F0 /* Network.swift */,
				938BB505227DD52600DEB4F5 /* Resource.swift */,
				938BB501227DD46700DEB4F5 /* Result.swift */,
				938BB503227DD46F00DEB4F5 /* Error.swift */,
				937D362D227E2F0300C63151 /* BaseAdapter.swift */,
			);
			path = Network;
			sourceTree = "<group>";
		};
		937D36372280917200C63151 /* Signup */ = {
			isa = PBXGroup;
			children = (
				937D36382280919000C63151 /* CreateAccountViewController.swift */,
				937D363A2280919D00C63151 /* CreateAccountController.swift */,
				937D363C228091AB00C63151 /* CreateAccountBoundaries.swift */,
				937D363E2280924E00C63151 /* CreateAccountFactory.swift */,
				937D36402280933C00C63151 /* CreateAccount.storyboard */,
			);
			path = Signup;
			sourceTree = "<group>";
		};
		937D36442281E51300C63151 /* TrackDetail */ = {
			isa = PBXGroup;
			children = (
				937D36452281E53100C63151 /* TrackDetailViewController.swift */,
			);
			path = TrackDetail;
			sourceTree = "<group>";
		};
		937D36472281E67900C63151 /* Adapters */ = {
			isa = PBXGroup;
			children = (
				937D362B227E2E5A00C63151 /* TrackListAdapter.swift */,
			);
			path = Adapters;
			sourceTree = "<group>";
		};
		937D36492281EBA100C63151 /* Firebase */ = {
			isa = PBXGroup;
			children = (
				937D364A2281EBAF00C63151 /* FirebaseManager.swift */,
				937D36502283685700C63151 /* FavouriteTrackItem.swift */,
			);
			path = Firebase;
			sourceTree = "<group>";
		};
		938BB507227DE46500DEB4F5 /* Model */ = {
			isa = PBXGroup;
			children = (
				938BB508227DE47000DEB4F5 /* Tracklist.swift */,
			);
			path = Model;
			sourceTree = "<group>";
		};
		938BB50A227DFF1500DEB4F5 /* UI Components */ = {
			isa = PBXGroup;
			children = (
				938BB50B227DFF2400DEB4F5 /* TrackListCell.swift */,
			);
			path = "UI Components";
			sourceTree = "<group>";
		};
		938BB50D227E0B1500DEB4F5 /* Extensions */ = {
			isa = PBXGroup;
			children = (
				938BB50E227E0B2B00DEB4F5 /* String+extensions.swift */,
				937D362F227E516800C63151 /* UIImageView+extensions.swift */,
				937D3631227E5B6700C63151 /* Collection+extensions.swift */,
			);
			path = Extensions;
			sourceTree = "<group>";
		};
		93D41E25227DCDB2002022F0 /* Components */ = {
			isa = PBXGroup;
			children = (
				937D36492281EBA100C63151 /* Firebase */,
				938BB507227DE46500DEB4F5 /* Model */,
				937D36472281E67900C63151 /* Adapters */,
				937D362A227E2E3600C63151 /* Network */,
				938BB50D227E0B1500DEB4F5 /* Extensions */,
			);
			path = Components;
			sourceTree = "<group>";
		};
		CEAAF079F59F4DE60CBCB34E /* Frameworks */ = {
			isa = PBXGroup;
			children = (
				B36E7EA0F2E9F44DB4B4188D /* Pods_iTunesDemo.framework */,
				CC969BA2FC1FF8A2A77CEF2A /* Pods_iTunesDemoTests.framework */,
				26B728CD4300F862C5B93008 /* Pods_iTunesDemoUITests.framework */,
			);
			name = Frameworks;
			sourceTree = "<group>";
		};
/* End PBXGroup section */

/* Begin PBXNativeTarget section */
		320E43BA226CBCB20089AC54 /* iTunesDemo */ = {
			isa = PBXNativeTarget;
			buildConfigurationList = 320E43E3226CBCB40089AC54 /* Build configuration list for PBXNativeTarget "iTunesDemo" */;
			buildPhases = (
				6A819D1F5F775076DC4CADAF /* [CP] Check Pods Manifest.lock */,
				320E43B7226CBCB20089AC54 /* Sources */,
				320E43B8226CBCB20089AC54 /* Frameworks */,
				320E43B9226CBCB20089AC54 /* Resources */,
				E71AD7DB0891C775BB2AA2D4 /* [CP] Embed Pods Frameworks */,
			);
			buildRules = (
			);
			dependencies = (
			);
			name = iTunesDemo;
			productName = iTunesDemo;
			productReference = 320E43BB226CBCB20089AC54 /* iTunesDemo.app */;
			productType = "com.apple.product-type.application";
		};
		320E43CE226CBCB40089AC54 /* iTunesDemoTests */ = {
			isa = PBXNativeTarget;
			buildConfigurationList = 320E43E6226CBCB40089AC54 /* Build configuration list for PBXNativeTarget "iTunesDemoTests" */;
			buildPhases = (
				33365F9243BDB0BB9942045E /* [CP] Check Pods Manifest.lock */,
				320E43CB226CBCB40089AC54 /* Sources */,
				320E43CC226CBCB40089AC54 /* Frameworks */,
				320E43CD226CBCB40089AC54 /* Resources */,
			);
			buildRules = (
			);
			dependencies = (
				320E43D1226CBCB40089AC54 /* PBXTargetDependency */,
			);
			name = iTunesDemoTests;
			productName = iTunesDemoTests;
			productReference = 320E43CF226CBCB40089AC54 /* iTunesDemoTests.xctest */;
			productType = "com.apple.product-type.bundle.unit-test";
		};
		320E43D9226CBCB40089AC54 /* iTunesDemoUITests */ = {
			isa = PBXNativeTarget;
			buildConfigurationList = 320E43E9226CBCB40089AC54 /* Build configuration list for PBXNativeTarget "iTunesDemoUITests" */;
			buildPhases = (
				19F885855453E271989CB4AC /* [CP] Check Pods Manifest.lock */,
				320E43D6226CBCB40089AC54 /* Sources */,
				320E43D7226CBCB40089AC54 /* Frameworks */,
				320E43D8226CBCB40089AC54 /* Resources */,
			);
			buildRules = (
			);
			dependencies = (
				320E43DC226CBCB40089AC54 /* PBXTargetDependency */,
			);
			name = iTunesDemoUITests;
			productName = iTunesDemoUITests;
			productReference = 320E43DA226CBCB40089AC54 /* iTunesDemoUITests.xctest */;
			productType = "com.apple.product-type.bundle.ui-testing";
		};
/* End PBXNativeTarget section */

/* Begin PBXProject section */
		320E43B3226CBCB10089AC54 /* Project object */ = {
			isa = PBXProject;
			attributes = {
				LastSwiftUpdateCheck = 1020;
				LastUpgradeCheck = 1020;
				ORGANIZATIONNAME = "Diana Bonilla";
				TargetAttributes = {
					320E43BA226CBCB20089AC54 = {
						CreatedOnToolsVersion = 10.2;
						SystemCapabilities = {
							com.apple.Keychain = {
								enabled = 1;
							};
						};
					};
					320E43CE226CBCB40089AC54 = {
						CreatedOnToolsVersion = 10.2;
						TestTargetID = 320E43BA226CBCB20089AC54;
					};
					320E43D9226CBCB40089AC54 = {
						CreatedOnToolsVersion = 10.2;
						TestTargetID = 320E43BA226CBCB20089AC54;
					};
				};
			};
			buildConfigurationList = 320E43B6226CBCB10089AC54 /* Build configuration list for PBXProject "iTunesDemo" */;
			compatibilityVersion = "Xcode 9.3";
			developmentRegion = en;
			hasScannedForEncodings = 0;
			knownRegions = (
				en,
				Base,
			);
			mainGroup = 320E43B2226CBCB10089AC54;
			productRefGroup = 320E43BC226CBCB20089AC54 /* Products */;
			projectDirPath = "";
			projectRoot = "";
			targets = (
				320E43BA226CBCB20089AC54 /* iTunesDemo */,
				320E43CE226CBCB40089AC54 /* iTunesDemoTests */,
				320E43D9226CBCB40089AC54 /* iTunesDemoUITests */,
			);
		};
/* End PBXProject section */

/* Begin PBXResourcesBuildPhase section */
		320E43B9226CBCB20089AC54 /* Resources */ = {
			isa = PBXResourcesBuildPhase;
			buildActionMask = 2147483647;
			files = (
				320E43F3226CD05A0089AC54 /* TrackList.storyboard in Resources */,
				320E43C9226CBCB40089AC54 /* LaunchScreen.storyboard in Resources */,
				937D36412280933C00C63151 /* CreateAccount.storyboard in Resources */,
				320E43C6226CBCB40089AC54 /* Assets.xcassets in Resources */,
				320E43C4226CBCB20089AC54 /* Main.storyboard in Resources */,
				937D36432281E4D400C63151 /* GoogleService-Info.plist in Resources */,
			);
			runOnlyForDeploymentPostprocessing = 0;
		};
		320E43CD226CBCB40089AC54 /* Resources */ = {
			isa = PBXResourcesBuildPhase;
			buildActionMask = 2147483647;
			files = (
			);
			runOnlyForDeploymentPostprocessing = 0;
		};
		320E43D8226CBCB40089AC54 /* Resources */ = {
			isa = PBXResourcesBuildPhase;
			buildActionMask = 2147483647;
			files = (
			);
			runOnlyForDeploymentPostprocessing = 0;
		};
/* End PBXResourcesBuildPhase section */

/* Begin PBXShellScriptBuildPhase section */
		19F885855453E271989CB4AC /* [CP] Check Pods Manifest.lock */ = {
			isa = PBXShellScriptBuildPhase;
			buildActionMask = 2147483647;
			files = (
			);
			inputFileListPaths = (
			);
			inputPaths = (
				"${PODS_PODFILE_DIR_PATH}/Podfile.lock",
				"${PODS_ROOT}/Manifest.lock",
			);
			name = "[CP] Check Pods Manifest.lock";
			outputFileListPaths = (
			);
			outputPaths = (
				"$(DERIVED_FILE_DIR)/Pods-iTunesDemoUITests-checkManifestLockResult.txt",
			);
			runOnlyForDeploymentPostprocessing = 0;
			shellPath = /bin/sh;
			shellScript = "diff \"${PODS_PODFILE_DIR_PATH}/Podfile.lock\" \"${PODS_ROOT}/Manifest.lock\" > /dev/null\nif [ $? != 0 ] ; then\n    # print error to STDERR\n    echo \"error: The sandbox is not in sync with the Podfile.lock. Run 'pod install' or update your CocoaPods installation.\" >&2\n    exit 1\nfi\n# This output is used by Xcode 'outputs' to avoid re-running this script phase.\necho \"SUCCESS\" > \"${SCRIPT_OUTPUT_FILE_0}\"\n";
			showEnvVarsInLog = 0;
		};
		33365F9243BDB0BB9942045E /* [CP] Check Pods Manifest.lock */ = {
			isa = PBXShellScriptBuildPhase;
			buildActionMask = 2147483647;
			files = (
			);
			inputFileListPaths = (
			);
			inputPaths = (
				"${PODS_PODFILE_DIR_PATH}/Podfile.lock",
				"${PODS_ROOT}/Manifest.lock",
			);
			name = "[CP] Check Pods Manifest.lock";
			outputFileListPaths = (
			);
			outputPaths = (
				"$(DERIVED_FILE_DIR)/Pods-iTunesDemoTests-checkManifestLockResult.txt",
			);
			runOnlyForDeploymentPostprocessing = 0;
			shellPath = /bin/sh;
			shellScript = "diff \"${PODS_PODFILE_DIR_PATH}/Podfile.lock\" \"${PODS_ROOT}/Manifest.lock\" > /dev/null\nif [ $? != 0 ] ; then\n    # print error to STDERR\n    echo \"error: The sandbox is not in sync with the Podfile.lock. Run 'pod install' or update your CocoaPods installation.\" >&2\n    exit 1\nfi\n# This output is used by Xcode 'outputs' to avoid re-running this script phase.\necho \"SUCCESS\" > \"${SCRIPT_OUTPUT_FILE_0}\"\n";
			showEnvVarsInLog = 0;
		};
		6A819D1F5F775076DC4CADAF /* [CP] Check Pods Manifest.lock */ = {
			isa = PBXShellScriptBuildPhase;
			buildActionMask = 2147483647;
			files = (
			);
			inputFileListPaths = (
			);
			inputPaths = (
				"${PODS_PODFILE_DIR_PATH}/Podfile.lock",
				"${PODS_ROOT}/Manifest.lock",
			);
			name = "[CP] Check Pods Manifest.lock";
			outputFileListPaths = (
			);
			outputPaths = (
				"$(DERIVED_FILE_DIR)/Pods-iTunesDemo-checkManifestLockResult.txt",
			);
			runOnlyForDeploymentPostprocessing = 0;
			shellPath = /bin/sh;
			shellScript = "diff \"${PODS_PODFILE_DIR_PATH}/Podfile.lock\" \"${PODS_ROOT}/Manifest.lock\" > /dev/null\nif [ $? != 0 ] ; then\n    # print error to STDERR\n    echo \"error: The sandbox is not in sync with the Podfile.lock. Run 'pod install' or update your CocoaPods installation.\" >&2\n    exit 1\nfi\n# This output is used by Xcode 'outputs' to avoid re-running this script phase.\necho \"SUCCESS\" > \"${SCRIPT_OUTPUT_FILE_0}\"\n";
			showEnvVarsInLog = 0;
		};
		E71AD7DB0891C775BB2AA2D4 /* [CP] Embed Pods Frameworks */ = {
			isa = PBXShellScriptBuildPhase;
			buildActionMask = 2147483647;
			files = (
			);
			inputFileListPaths = (
			);
			inputPaths = (
				"${PODS_ROOT}/Target Support Files/Pods-iTunesDemo/Pods-iTunesDemo-frameworks.sh",
				"${BUILT_PRODUCTS_DIR}/Alamofire/Alamofire.framework",
				"${BUILT_PRODUCTS_DIR}/GTMSessionFetcher/GTMSessionFetcher.framework",
				"${BUILT_PRODUCTS_DIR}/GoogleUtilities/GoogleUtilities.framework",
				"${BUILT_PRODUCTS_DIR}/leveldb-library/leveldb.framework",
				"${BUILT_PRODUCTS_DIR}/nanopb/nanopb.framework",
			);
			name = "[CP] Embed Pods Frameworks";
			outputFileListPaths = (
			);
			outputPaths = (
				"${TARGET_BUILD_DIR}/${FRAMEWORKS_FOLDER_PATH}/Alamofire.framework",
				"${TARGET_BUILD_DIR}/${FRAMEWORKS_FOLDER_PATH}/GTMSessionFetcher.framework",
				"${TARGET_BUILD_DIR}/${FRAMEWORKS_FOLDER_PATH}/GoogleUtilities.framework",
				"${TARGET_BUILD_DIR}/${FRAMEWORKS_FOLDER_PATH}/leveldb.framework",
				"${TARGET_BUILD_DIR}/${FRAMEWORKS_FOLDER_PATH}/nanopb.framework",
			);
			runOnlyForDeploymentPostprocessing = 0;
			shellPath = /bin/sh;
			shellScript = "\"${PODS_ROOT}/Target Support Files/Pods-iTunesDemo/Pods-iTunesDemo-frameworks.sh\"\n";
			showEnvVarsInLog = 0;
		};
/* End PBXShellScriptBuildPhase section */

/* Begin PBXSourcesBuildPhase section */
		320E43B7226CBCB20089AC54 /* Sources */ = {
			isa = PBXSourcesBuildPhase;
			buildActionMask = 2147483647;
			files = (
				937D364B2281EBAF00C63151 /* FirebaseManager.swift in Sources */,
				937D36392280919000C63151 /* CreateAccountViewController.swift in Sources */,
				938BB502227DD46700DEB4F5 /* Result.swift in Sources */,
				320E43C1226CBCB20089AC54 /* TrackListViewController.swift in Sources */,
				937D362E227E2F0300C63151 /* BaseAdapter.swift in Sources */,
				93D41E24227DCB77002022F0 /* TrackListBoundaries.swift in Sources */,
				938BB506227DD52600DEB4F5 /* Resource.swift in Sources */,
				937D3630227E516800C63151 /* UIImageView+extensions.swift in Sources */,
				93D41E27227DCDC6002022F0 /* Network.swift in Sources */,
				320E43F5226CD98B0089AC54 /* AuthenticationController.swift in Sources */,
				937D362C227E2E5A00C63151 /* TrackListAdapter.swift in Sources */,
				320E43F1226CC9A60089AC54 /* AuthenticationViewController.swift in Sources */,
				937D363B2280919D00C63151 /* CreateAccountController.swift in Sources */,
				320E43BF226CBCB20089AC54 /* AppDelegate.swift in Sources */,
				937D3632227E5B6700C63151 /* Collection+extensions.swift in Sources */,
				937D363D228091AB00C63151 /* CreateAccountBoundaries.swift in Sources */,
				938BB50F227E0B2B00DEB4F5 /* String+extensions.swift in Sources */,
				93D41E20227DCB01002022F0 /* TrackListFactory.swift in Sources */,
				937D36512283685700C63151 /* FavouriteTrackItem.swift in Sources */,
				938BB504227DD46F00DEB4F5 /* Error.swift in Sources */,
				937D363422808D6200C63151 /* AuthenticationFactory.swift in Sources */,
				93D41E22227DCB1E002022F0 /* TrackListController.swift in Sources */,
				937D363622808D8E00C63151 /* AuthenticationBoundaries.swift in Sources */,
				937D36462281E53100C63151 /* TrackDetailViewController.swift in Sources */,
				938BB509227DE47000DEB4F5 /* Tracklist.swift in Sources */,
				937D363F2280924E00C63151 /* CreateAccountFactory.swift in Sources */,
				938BB50C227DFF2400DEB4F5 /* TrackListCell.swift in Sources */,
			);
			runOnlyForDeploymentPostprocessing = 0;
		};
		320E43CB226CBCB40089AC54 /* Sources */ = {
			isa = PBXSourcesBuildPhase;
			buildActionMask = 2147483647;
			files = (
				320E43D4226CBCB40089AC54 /* iTunesDemoTests.swift in Sources */,
			);
			runOnlyForDeploymentPostprocessing = 0;
		};
		320E43D6226CBCB40089AC54 /* Sources */ = {
			isa = PBXSourcesBuildPhase;
			buildActionMask = 2147483647;
			files = (
				320E43DF226CBCB40089AC54 /* iTunesDemoUITests.swift in Sources */,
			);
			runOnlyForDeploymentPostprocessing = 0;
		};
/* End PBXSourcesBuildPhase section */

/* Begin PBXTargetDependency section */
		320E43D1226CBCB40089AC54 /* PBXTargetDependency */ = {
			isa = PBXTargetDependency;
			target = 320E43BA226CBCB20089AC54 /* iTunesDemo */;
			targetProxy = 320E43D0226CBCB40089AC54 /* PBXContainerItemProxy */;
		};
		320E43DC226CBCB40089AC54 /* PBXTargetDependency */ = {
			isa = PBXTargetDependency;
			target = 320E43BA226CBCB20089AC54 /* iTunesDemo */;
			targetProxy = 320E43DB226CBCB40089AC54 /* PBXContainerItemProxy */;
		};
/* End PBXTargetDependency section */

/* Begin PBXVariantGroup section */
		320E43C2226CBCB20089AC54 /* Main.storyboard */ = {
			isa = PBXVariantGroup;
			children = (
				320E43C3226CBCB20089AC54 /* Base */,
			);
			name = Main.storyboard;
			sourceTree = "<group>";
		};
		320E43C7226CBCB40089AC54 /* LaunchScreen.storyboard */ = {
			isa = PBXVariantGroup;
			children = (
				320E43C8226CBCB40089AC54 /* Base */,
			);
			name = LaunchScreen.storyboard;
			sourceTree = "<group>";
		};
/* End PBXVariantGroup section */

/* Begin XCBuildConfiguration section */
		320E43E1226CBCB40089AC54 /* Debug */ = {
			isa = XCBuildConfiguration;
			buildSettings = {
				ALWAYS_SEARCH_USER_PATHS = NO;
				CLANG_ANALYZER_NONNULL = YES;
				CLANG_ANALYZER_NUMBER_OBJECT_CONVERSION = YES_AGGRESSIVE;
				CLANG_CXX_LANGUAGE_STANDARD = "gnu++14";
				CLANG_CXX_LIBRARY = "libc++";
				CLANG_ENABLE_MODULES = YES;
				CLANG_ENABLE_OBJC_ARC = YES;
				CLANG_ENABLE_OBJC_WEAK = YES;
				CLANG_WARN_BLOCK_CAPTURE_AUTORELEASING = YES;
				CLANG_WARN_BOOL_CONVERSION = YES;
				CLANG_WARN_COMMA = YES;
				CLANG_WARN_CONSTANT_CONVERSION = YES;
				CLANG_WARN_DEPRECATED_OBJC_IMPLEMENTATIONS = YES;
				CLANG_WARN_DIRECT_OBJC_ISA_USAGE = YES_ERROR;
				CLANG_WARN_DOCUMENTATION_COMMENTS = YES;
				CLANG_WARN_EMPTY_BODY = YES;
				CLANG_WARN_ENUM_CONVERSION = YES;
				CLANG_WARN_INFINITE_RECURSION = YES;
				CLANG_WARN_INT_CONVERSION = YES;
				CLANG_WARN_NON_LITERAL_NULL_CONVERSION = YES;
				CLANG_WARN_OBJC_IMPLICIT_RETAIN_SELF = YES;
				CLANG_WARN_OBJC_LITERAL_CONVERSION = YES;
				CLANG_WARN_OBJC_ROOT_CLASS = YES_ERROR;
				CLANG_WARN_RANGE_LOOP_ANALYSIS = YES;
				CLANG_WARN_STRICT_PROTOTYPES = YES;
				CLANG_WARN_SUSPICIOUS_MOVE = YES;
				CLANG_WARN_UNGUARDED_AVAILABILITY = YES_AGGRESSIVE;
				CLANG_WARN_UNREACHABLE_CODE = YES;
				CLANG_WARN__DUPLICATE_METHOD_MATCH = YES;
				CODE_SIGN_IDENTITY = "iPhone Developer";
				COPY_PHASE_STRIP = NO;
				DEBUG_INFORMATION_FORMAT = dwarf;
				ENABLE_STRICT_OBJC_MSGSEND = YES;
				ENABLE_TESTABILITY = YES;
				GCC_C_LANGUAGE_STANDARD = gnu11;
				GCC_DYNAMIC_NO_PIC = NO;
				GCC_NO_COMMON_BLOCKS = YES;
				GCC_OPTIMIZATION_LEVEL = 0;
				GCC_PREPROCESSOR_DEFINITIONS = (
					"DEBUG=1",
					"$(inherited)",
				);
				GCC_WARN_64_TO_32_BIT_CONVERSION = YES;
				GCC_WARN_ABOUT_RETURN_TYPE = YES_ERROR;
				GCC_WARN_UNDECLARED_SELECTOR = YES;
				GCC_WARN_UNINITIALIZED_AUTOS = YES_AGGRESSIVE;
				GCC_WARN_UNUSED_FUNCTION = YES;
				GCC_WARN_UNUSED_VARIABLE = YES;
				IPHONEOS_DEPLOYMENT_TARGET = 12.0;
				MTL_ENABLE_DEBUG_INFO = INCLUDE_SOURCE;
				MTL_FAST_MATH = YES;
				ONLY_ACTIVE_ARCH = YES;
				SDKROOT = iphoneos;
				SWIFT_ACTIVE_COMPILATION_CONDITIONS = DEBUG;
				SWIFT_OPTIMIZATION_LEVEL = "-Onone";
				SWIFT_VERSION = 4.2;
			};
			name = Debug;
		};
		320E43E2226CBCB40089AC54 /* Release */ = {
			isa = XCBuildConfiguration;
			buildSettings = {
				ALWAYS_SEARCH_USER_PATHS = NO;
				CLANG_ANALYZER_NONNULL = YES;
				CLANG_ANALYZER_NUMBER_OBJECT_CONVERSION = YES_AGGRESSIVE;
				CLANG_CXX_LANGUAGE_STANDARD = "gnu++14";
				CLANG_CXX_LIBRARY = "libc++";
				CLANG_ENABLE_MODULES = YES;
				CLANG_ENABLE_OBJC_ARC = YES;
				CLANG_ENABLE_OBJC_WEAK = YES;
				CLANG_WARN_BLOCK_CAPTURE_AUTORELEASING = YES;
				CLANG_WARN_BOOL_CONVERSION = YES;
				CLANG_WARN_COMMA = YES;
				CLANG_WARN_CONSTANT_CONVERSION = YES;
				CLANG_WARN_DEPRECATED_OBJC_IMPLEMENTATIONS = YES;
				CLANG_WARN_DIRECT_OBJC_ISA_USAGE = YES_ERROR;
				CLANG_WARN_DOCUMENTATION_COMMENTS = YES;
				CLANG_WARN_EMPTY_BODY = YES;
				CLANG_WARN_ENUM_CONVERSION = YES;
				CLANG_WARN_INFINITE_RECURSION = YES;
				CLANG_WARN_INT_CONVERSION = YES;
				CLANG_WARN_NON_LITERAL_NULL_CONVERSION = YES;
				CLANG_WARN_OBJC_IMPLICIT_RETAIN_SELF = YES;
				CLANG_WARN_OBJC_LITERAL_CONVERSION = YES;
				CLANG_WARN_OBJC_ROOT_CLASS = YES_ERROR;
				CLANG_WARN_RANGE_LOOP_ANALYSIS = YES;
				CLANG_WARN_STRICT_PROTOTYPES = YES;
				CLANG_WARN_SUSPICIOUS_MOVE = YES;
				CLANG_WARN_UNGUARDED_AVAILABILITY = YES_AGGRESSIVE;
				CLANG_WARN_UNREACHABLE_CODE = YES;
				CLANG_WARN__DUPLICATE_METHOD_MATCH = YES;
				CODE_SIGN_IDENTITY = "iPhone Developer";
				COPY_PHASE_STRIP = NO;
				DEBUG_INFORMATION_FORMAT = "dwarf-with-dsym";
				ENABLE_NS_ASSERTIONS = NO;
				ENABLE_STRICT_OBJC_MSGSEND = YES;
				GCC_C_LANGUAGE_STANDARD = gnu11;
				GCC_NO_COMMON_BLOCKS = YES;
				GCC_WARN_64_TO_32_BIT_CONVERSION = YES;
				GCC_WARN_ABOUT_RETURN_TYPE = YES_ERROR;
				GCC_WARN_UNDECLARED_SELECTOR = YES;
				GCC_WARN_UNINITIALIZED_AUTOS = YES_AGGRESSIVE;
				GCC_WARN_UNUSED_FUNCTION = YES;
				GCC_WARN_UNUSED_VARIABLE = YES;
				IPHONEOS_DEPLOYMENT_TARGET = 12.0;
				MTL_ENABLE_DEBUG_INFO = NO;
				MTL_FAST_MATH = YES;
				SDKROOT = iphoneos;
				SWIFT_COMPILATION_MODE = wholemodule;
				SWIFT_OPTIMIZATION_LEVEL = "-O";
				SWIFT_VERSION = 4.2;
				VALIDATE_PRODUCT = YES;
			};
			name = Release;
		};
		320E43E4226CBCB40089AC54 /* Debug */ = {
			isa = XCBuildConfiguration;
			baseConfigurationReference = D2F50E7937DBE8EE4BC1F398 /* Pods-iTunesDemo.debug.xcconfig */;
			buildSettings = {
				ASSETCATALOG_COMPILER_APPICON_NAME = AppIcon;
				CODE_SIGN_ENTITLEMENTS = iTunesDemo/iTunesDemo.entitlements;
				CODE_SIGN_STYLE = Automatic;
				DEVELOPMENT_TEAM = ZL2W2A5H89;
				INFOPLIST_FILE = iTunesDemo/Info.plist;
				LD_RUNPATH_SEARCH_PATHS = (
					"$(inherited)",
					"@executable_path/Frameworks",
				);
				PRODUCT_BUNDLE_IDENTIFIER = iTunesDemo.dianabonilla.firebase;
				PRODUCT_NAME = "$(TARGET_NAME)";
				SWIFT_VERSION = 4.2;
				TARGETED_DEVICE_FAMILY = "1,2";
			};
			name = Debug;
		};
		320E43E5226CBCB40089AC54 /* Release */ = {
			isa = XCBuildConfiguration;
			baseConfigurationReference = 14F50EF2A673BE25A8985951 /* Pods-iTunesDemo.release.xcconfig */;
			buildSettings = {
				ASSETCATALOG_COMPILER_APPICON_NAME = AppIcon;
				CODE_SIGN_ENTITLEMENTS = iTunesDemo/iTunesDemo.entitlements;
				CODE_SIGN_STYLE = Automatic;
				DEVELOPMENT_TEAM = ZL2W2A5H89;
				INFOPLIST_FILE = iTunesDemo/Info.plist;
				LD_RUNPATH_SEARCH_PATHS = (
					"$(inherited)",
					"@executable_path/Frameworks",
				);
				PRODUCT_BUNDLE_IDENTIFIER = iTunesDemo.dianabonilla.firebase;
				PRODUCT_NAME = "$(TARGET_NAME)";
				SWIFT_VERSION = 4.2;
				TARGETED_DEVICE_FAMILY = "1,2";
			};
			name = Release;
		};
		320E43E7226CBCB40089AC54 /* Debug */ = {
			isa = XCBuildConfiguration;
			baseConfigurationReference = 138C8D1E8E0B8CBAE686F4A1 /* Pods-iTunesDemoTests.debug.xcconfig */;
			buildSettings = {
				ALWAYS_EMBED_SWIFT_STANDARD_LIBRARIES = YES;
				BUNDLE_LOADER = "$(TEST_HOST)";
				CODE_SIGN_STYLE = Automatic;
				DEVELOPMENT_TEAM = 3GKA82FV29;
				INFOPLIST_FILE = iTunesDemoTests/Info.plist;
				LD_RUNPATH_SEARCH_PATHS = (
					"$(inherited)",
					"@executable_path/Frameworks",
					"@loader_path/Frameworks",
				);
				PRODUCT_BUNDLE_IDENTIFIER = com.DianaBonilla.iTunesDemoTests;
				PRODUCT_NAME = "$(TARGET_NAME)";
				SWIFT_VERSION = 5.0;
				TARGETED_DEVICE_FAMILY = "1,2";
				TEST_HOST = "$(BUILT_PRODUCTS_DIR)/iTunesDemo.app/iTunesDemo";
			};
			name = Debug;
		};
		320E43E8226CBCB40089AC54 /* Release */ = {
			isa = XCBuildConfiguration;
			baseConfigurationReference = 93646BFE02AC5C0AFB289D13 /* Pods-iTunesDemoTests.release.xcconfig */;
			buildSettings = {
				ALWAYS_EMBED_SWIFT_STANDARD_LIBRARIES = YES;
				BUNDLE_LOADER = "$(TEST_HOST)";
				CODE_SIGN_STYLE = Automatic;
				DEVELOPMENT_TEAM = 3GKA82FV29;
				INFOPLIST_FILE = iTunesDemoTests/Info.plist;
				LD_RUNPATH_SEARCH_PATHS = (
					"$(inherited)",
					"@executable_path/Frameworks",
					"@loader_path/Frameworks",
				);
				PRODUCT_BUNDLE_IDENTIFIER = com.DianaBonilla.iTunesDemoTests;
				PRODUCT_NAME = "$(TARGET_NAME)";
				SWIFT_VERSION = 5.0;
				TARGETED_DEVICE_FAMILY = "1,2";
				TEST_HOST = "$(BUILT_PRODUCTS_DIR)/iTunesDemo.app/iTunesDemo";
			};
			name = Release;
		};
		320E43EA226CBCB40089AC54 /* Debug */ = {
			isa = XCBuildConfiguration;
			baseConfigurationReference = 9EEBB2071C06FC17D2B05EF7 /* Pods-iTunesDemoUITests.debug.xcconfig */;
			buildSettings = {
				ALWAYS_EMBED_SWIFT_STANDARD_LIBRARIES = YES;
				CODE_SIGN_STYLE = Automatic;
				DEVELOPMENT_TEAM = 3GKA82FV29;
				INFOPLIST_FILE = iTunesDemoUITests/Info.plist;
				LD_RUNPATH_SEARCH_PATHS = (
					"$(inherited)",
					"@executable_path/Frameworks",
					"@loader_path/Frameworks",
				);
				PRODUCT_BUNDLE_IDENTIFIER = com.DianaBonilla.iTunesDemoUITests;
				PRODUCT_NAME = "$(TARGET_NAME)";
				SWIFT_VERSION = 5.0;
				TARGETED_DEVICE_FAMILY = "1,2";
				TEST_TARGET_NAME = iTunesDemo;
			};
			name = Debug;
		};
		320E43EB226CBCB40089AC54 /* Release */ = {
			isa = XCBuildConfiguration;
			baseConfigurationReference = 45F66EAED062D1331DFA36F4 /* Pods-iTunesDemoUITests.release.xcconfig */;
			buildSettings = {
				ALWAYS_EMBED_SWIFT_STANDARD_LIBRARIES = YES;
				CODE_SIGN_STYLE = Automatic;
				DEVELOPMENT_TEAM = 3GKA82FV29;
				INFOPLIST_FILE = iTunesDemoUITests/Info.plist;
				LD_RUNPATH_SEARCH_PATHS = (
					"$(inherited)",
					"@executable_path/Frameworks",
					"@loader_path/Frameworks",
				);
				PRODUCT_BUNDLE_IDENTIFIER = com.DianaBonilla.iTunesDemoUITests;
				PRODUCT_NAME = "$(TARGET_NAME)";
				SWIFT_VERSION = 5.0;
				TARGETED_DEVICE_FAMILY = "1,2";
				TEST_TARGET_NAME = iTunesDemo;
			};
			name = Release;
		};
/* End XCBuildConfiguration section */

/* Begin XCConfigurationList section */
		320E43B6226CBCB10089AC54 /* Build configuration list for PBXProject "iTunesDemo" */ = {
			isa = XCConfigurationList;
			buildConfigurations = (
				320E43E1226CBCB40089AC54 /* Debug */,
				320E43E2226CBCB40089AC54 /* Release */,
			);
			defaultConfigurationIsVisible = 0;
			defaultConfigurationName = Release;
		};
		320E43E3226CBCB40089AC54 /* Build configuration list for PBXNativeTarget "iTunesDemo" */ = {
			isa = XCConfigurationList;
			buildConfigurations = (
				320E43E4226CBCB40089AC54 /* Debug */,
				320E43E5226CBCB40089AC54 /* Release */,
			);
			defaultConfigurationIsVisible = 0;
			defaultConfigurationName = Release;
		};
		320E43E6226CBCB40089AC54 /* Build configuration list for PBXNativeTarget "iTunesDemoTests" */ = {
			isa = XCConfigurationList;
			buildConfigurations = (
				320E43E7226CBCB40089AC54 /* Debug */,
				320E43E8226CBCB40089AC54 /* Release */,
			);
			defaultConfigurationIsVisible = 0;
			defaultConfigurationName = Release;
		};
		320E43E9226CBCB40089AC54 /* Build configuration list for PBXNativeTarget "iTunesDemoUITests" */ = {
			isa = XCConfigurationList;
			buildConfigurations = (
				320E43EA226CBCB40089AC54 /* Debug */,
				320E43EB226CBCB40089AC54 /* Release */,
			);
			defaultConfigurationIsVisible = 0;
			defaultConfigurationName = Release;
		};
/* End XCConfigurationList section */
	};
	rootObject = 320E43B3226CBCB10089AC54 /* Project object */;
}
